
Microsoft Visual Studio Solution File, Format Version 12.00
# Visual Studio Version 17
VisualStudioVersion = 17.14.36202.13
MinimumVisualStudioVersion = 10.0.40219.1
Project("{FAE04EC0-301F-11D3-BF4B-00C04F79EFBC}") = "Api", "Api\Api.csproj", "{CBFA08EA-AECE-205F-7B85-326FD0B81BAD}"
EndProject
Project("{54A90642-561A-4BB1-A94E-469ADEE60C69}") = "client", "Client\client.esproj", "{5DC3FCCF-9129-207D-CAD8-1B96C9FA47E2}"
EndProject
Project("{FAE04EC0-301F-11D3-BF4B-00C04F79EFBC}") = "Infrastructure", "Infrastructure\Infrastructure.csproj", "{A48AAEB2-7869-4571-B871-8A65755705C1}"
EndProject
Project("{FAE04EC0-301F-11D3-BF4B-00C04F79EFBC}") = "Application", "Application\Application.csproj", "{154C56D6-92DB-4F74-BBC3-FC8C8EB7CD20}"
EndProject
Project("{FAE04EC0-301F-11D3-BF4B-00C04F79EFBC}") = "Domain", "Domain\Domain.csproj", "{D667537B-6C3A-4FF4-AD31-C8678902AAC3}"
EndProject
Project("{2150E333-8FDC-42A3-9474-1A3956D46DE8}") = "frontend", "frontend", "{02EA681E-C7D8-13C7-8484-4AC65E1B71E8}"
EndProject
Project("{2150E333-8FDC-42A3-9474-1A3956D46DE8}") = "backend", "backend", "{C995523E-E5CC-4574-8308-DFDABBAB75F1}"
EndProject
Project("{2150E333-8FDC-42A3-9474-1A3956D46DE8}") = "tests", "tests", "{6CF13443-FC83-48FD-A3C2-8E91F857FD0A}"
EndProject
Project("{FAE04EC0-301F-11D3-BF4B-00C04F79EFBC}") = "Api.UnitTests", "Api.UnitTests\Api.UnitTests.csproj", "{AAF2DB6C-4E53-4669-877C-BAE67F502028}"
EndProject
Global
	GlobalSection(SolutionConfigurationPlatforms) = preSolution
		Debug|Any CPU = Debug|Any CPU
		Release|Any CPU = Release|Any CPU
	EndGlobalSection
	GlobalSection(ProjectConfigurationPlatforms) = postSolution
		{CBFA08EA-AECE-205F-7B85-326FD0B81BAD}.Debug|Any CPU.ActiveCfg = Debug|Any CPU
		{CBFA08EA-AECE-205F-7B85-326FD0B81BAD}.Debug|Any CPU.Build.0 = Debug|Any CPU
		{CBFA08EA-AECE-205F-7B85-326FD0B81BAD}.Release|Any CPU.ActiveCfg = Release|Any CPU
		{CBFA08EA-AECE-205F-7B85-326FD0B81BAD}.Release|Any CPU.Build.0 = Release|Any CPU
		{5DC3FCCF-9129-207D-CAD8-1B96C9FA47E2}.Debug|Any CPU.ActiveCfg = Debug|Any CPU
		{5DC3FCCF-9129-207D-CAD8-1B96C9FA47E2}.Debug|Any CPU.Build.0 = Debug|Any CPU
		{5DC3FCCF-9129-207D-CAD8-1B96C9FA47E2}.Debug|Any CPU.Deploy.0 = Debug|Any CPU
		{5DC3FCCF-9129-207D-CAD8-1B96C9FA47E2}.Release|Any CPU.ActiveCfg = Release|Any CPU
		{5DC3FCCF-9129-207D-CAD8-1B96C9FA47E2}.Release|Any CPU.Build.0 = Release|Any CPU
		{5DC3FCCF-9129-207D-CAD8-1B96C9FA47E2}.Release|Any CPU.Deploy.0 = Release|Any CPU
		{A48AAEB2-7869-4571-B871-8A65755705C1}.Debug|Any CPU.ActiveCfg = Debug|Any CPU
		{A48AAEB2-7869-4571-B871-8A65755705C1}.Debug|Any CPU.Build.0 = Debug|Any CPU
		{A48AAEB2-7869-4571-B871-8A65755705C1}.Release|Any CPU.ActiveCfg = Release|Any CPU
		{A48AAEB2-7869-4571-B871-8A65755705C1}.Release|Any CPU.Build.0 = Release|Any CPU
		{154C56D6-92DB-4F74-BBC3-FC8C8EB7CD20}.Debug|Any CPU.ActiveCfg = Debug|Any CPU
		{154C56D6-92DB-4F74-BBC3-FC8C8EB7CD20}.Debug|Any CPU.Build.0 = Debug|Any CPU
		{154C56D6-92DB-4F74-BBC3-FC8C8EB7CD20}.Release|Any CPU.ActiveCfg = Release|Any CPU
		{154C56D6-92DB-4F74-BBC3-FC8C8EB7CD20}.Release|Any CPU.Build.0 = Release|Any CPU
		{D667537B-6C3A-4FF4-AD31-C8678902AAC3}.Debug|Any CPU.ActiveCfg = Debug|Any CPU
		{D667537B-6C3A-4FF4-AD31-C8678902AAC3}.Debug|Any CPU.Build.0 = Debug|Any CPU
		{D667537B-6C3A-4FF4-AD31-C8678902AAC3}.Release|Any CPU.ActiveCfg = Release|Any CPU
		{D667537B-6C3A-4FF4-AD31-C8678902AAC3}.Release|Any CPU.Build.0 = Release|Any CPU
		{AAF2DB6C-4E53-4669-877C-BAE67F502028}.Debug|Any CPU.ActiveCfg = Debug|Any CPU
		{AAF2DB6C-4E53-4669-877C-BAE67F502028}.Debug|Any CPU.Build.0 = Debug|Any CPU
		{AAF2DB6C-4E53-4669-877C-BAE67F502028}.Release|Any CPU.ActiveCfg = Release|Any CPU
		{AAF2DB6C-4E53-4669-877C-BAE67F502028}.Release|Any CPU.Build.0 = Release|Any CPU
	EndGlobalSection
	GlobalSection(SolutionProperties) = preSolution
		HideSolutionNode = FALSE
	EndGlobalSection
	GlobalSection(NestedProjects) = preSolution
		{CBFA08EA-AECE-205F-7B85-326FD0B81BAD} = {C995523E-E5CC-4574-8308-DFDABBAB75F1}
		{5DC3FCCF-9129-207D-CAD8-1B96C9FA47E2} = {02EA681E-C7D8-13C7-8484-4AC65E1B71E8}
		{A48AAEB2-7869-4571-B871-8A65755705C1} = {C995523E-E5CC-4574-8308-DFDABBAB75F1}
		{154C56D6-92DB-4F74-BBC3-FC8C8EB7CD20} = {C995523E-E5CC-4574-8308-DFDABBAB75F1}
		{D667537B-6C3A-4FF4-AD31-C8678902AAC3} = {C995523E-E5CC-4574-8308-DFDABBAB75F1}
		{AAF2DB6C-4E53-4669-877C-BAE67F502028} = {6CF13443-FC83-48FD-A3C2-8E91F857FD0A}
	EndGlobalSection
	GlobalSection(ExtensibilityGlobals) = postSolution
		SolutionGuid = {A7252284-215B-4E1A-84B6-46ED7BB634F4}
	EndGlobalSection
EndGlobal
